
Microsoft Visual Studio Solution File, Format Version 12.00
# Visual Studio 15
VisualStudioVersion = 15.0.28307.329
MinimumVisualStudioVersion = 10.0.40219.1
Project("{FAE04EC0-301F-11D3-BF4B-00C04F79EFBC}") = "JsonToCSV", "JsonToCSV\JsonToCSV.csproj", "{1CF4DCCD-0A4C-4B95-84C4-BBA3D9794DF7}"
EndProject
Global
	GlobalSection(SolutionConfigurationPlatforms) = preSolution
		Debug|Any CPU = Debug|Any CPU
		Release|Any CPU = Release|Any CPU
	EndGlobalSection
	GlobalSection(ProjectConfigurationPlatforms) = postSolution
		{1CF4DCCD-0A4C-4B95-84C4-BBA3D9794DF7}.Debug|Any CPU.ActiveCfg = Debug|Any CPU
		{1CF4DCCD-0A4C-4B95-84C4-BBA3D9794DF7}.Debug|Any CPU.Build.0 = Debug|Any CPU
		{1CF4DCCD-0A4C-4B95-84C4-BBA3D9794DF7}.Release|Any CPU.ActiveCfg = Release|Any CPU
		{1CF4DCCD-0A4C-4B95-84C4-BBA3D9794DF7}.Release|Any CPU.Build.0 = Release|Any CPU
	EndGlobalSection
	GlobalSection(SolutionProperties) = preSolution
		HideSolutionNode = FALSE
	EndGlobalSection
	GlobalSection(ExtensibilityGlobals) = postSolution
		SolutionGuid = {873926DE-08B0-4398-86FE-F3580A2AA0ED}
	EndGlobalSection
EndGlobal
